
Microsoft Visual Studio Solution File, Format Version 12.00
# Visual Studio Version 17
VisualStudioVersion = 17.2.32616.157
MinimumVisualStudioVersion = 10.0.40219.1
Project("{FAE04EC0-301F-11D3-BF4B-00C04F79EFBC}") = "cryptec", "cryptec\cryptec.csproj", "{6BE10436-925D-471A-94AD-80FF027082EF}"
EndProject
Global
	GlobalSection(SolutionConfigurationPlatforms) = preSolution
		Debug|Any CPU = Debug|Any CPU
		Release|Any CPU = Release|Any CPU
	EndGlobalSection
	GlobalSection(ProjectConfigurationPlatforms) = postSolution
		{6BE10436-925D-471A-94AD-80FF027082EF}.Debug|Any CPU.ActiveCfg = Debug|Any CPU
		{6BE10436-925D-471A-94AD-80FF027082EF}.Debug|Any CPU.Build.0 = Debug|Any CPU
		{6BE10436-925D-471A-94AD-80FF027082EF}.Release|Any CPU.ActiveCfg = Release|Any CPU
		{6BE10436-925D-471A-94AD-80FF027082EF}.Release|Any CPU.Build.0 = Release|Any CPU
	EndGlobalSection
	GlobalSection(SolutionProperties) = preSolution
		HideSolutionNode = FALSE
	EndGlobalSection
	GlobalSection(ExtensibilityGlobals) = postSolution
		SolutionGuid = {962D8EC3-13EC-4282-8154-894ED7616A1A}
	EndGlobalSection
EndGlobal
